{
  "pins" : [
    {
      "identity" : "alamofire",
      "kind" : "remoteSourceControl",
      "location" : "https://github.com/Alamofire/Alamofire.git",
      "state" : {
        "revision" : "354dda32d89fc8cd4f5c46487f64957d355f53d8",
        "version" : "5.6.1"
      }
    },
    {
      "identity" : "inject",
      "kind" : "remoteSourceControl",
      "location" : "https://github.com/krzysztofzablocki/Inject.git",
      "state" : {
        "branch" : "main",
        "revision" : "0844cfbd6af3d30314adb49c8edf22168d254467"
      }
    },
    {
      "identity" : "iqkeyboardmanager",
      "kind" : "remoteSourceControl",
      "location" : "https://github.com/hackiftekhar/IQKeyboardManager.git",
      "state" : {
        "branch" : "master",
        "revision" : "7352e36fe8dd1efddc081cb4163a7d0ebca97bca"
      }
    },
    {
      "identity" : "keychain-swift",
      "kind" : "remoteSourceControl",
      "location" : "https://github.com/evgenyneu/keychain-swift.git",
      "state" : {
        "branch" : "master",
        "revision" : "32a99b537d1c6f3529a08257c28a5feb70c0c5af"
      }
    },
    {
      "identity" : "lottie-ios",
      "kind" : "remoteSourceControl",
      "location" : "https://github.com/airbnb/lottie-ios.git",
      "state" : {
        "branch" : "master",
        "revision" : "9127ced37d52f57d572f649c2f138fa324c77175"
      }
    },
    {
      "identity" : "moya",
      "kind" : "remoteSourceControl",
      "location" : "https://github.com/Moya/Moya",
      "state" : {
        "branch" : "master",
        "revision" : "42b4da6cf00ce35874f2aebebefb9564c2fdb799"
      }
    },
    {
      "identity" : "panmodal",
      "kind" : "remoteSourceControl",
      "location" : "https://github.com/slackhq/PanModal",
      "state" : {
        "branch" : "master",
        "revision" : "b2f5bd7d169cba564d5c5b7203864f79be3fe826"
      }
    },
    {
      "identity" : "reactiveswift",
      "kind" : "remoteSourceControl",
      "location" : "https://github.com/ReactiveCocoa/ReactiveSwift.git",
      "state" : {
        "revision" : "c43bae3dac73fdd3cb906bd5a1914686ca71ed3c",
        "version" : "6.7.0"
      }
    },
    {
      "identity" : "reusable",
      "kind" : "remoteSourceControl",
      "location" : "https://github.com/AliSoftware/Reusable.git",
      "state" : {
        "branch" : "main",
        "revision" : "85e8ef7b2441433ffed2fc8cf4942961b70a83f6"
      }
    },
    {
      "identity" : "reusablekit",
      "kind" : "remoteSourceControl",
      "location" : "https://github.com/devxoul/ReusableKit.git",
      "state" : {
        "branch" : "master",
        "revision" : "9a5756ba41f7a864ff0738c21876d52b9e67eec7"
      }
    },
    {
      "identity" : "rxswift",
      "kind" : "remoteSourceControl",
      "location" : "https://github.com/ReactiveX/RxSwift.git",
      "state" : {
        "branch" : "main",
        "revision" : "416180ae6eb5473332e5e0581aeb1c20e95874b8"
      }
    },
    {
      "identity" : "snapkit",
      "kind" : "remoteSourceControl",
      "location" : "https://github.com/SnapKit/SnapKit",
      "state" : {
        "branch" : "develop",
        "revision" : "07c5d1f6044701d97e94dc11157259e8811977be"
      }
    },
    {
      "identity" : "swinject",
      "kind" : "remoteSourceControl",
      "location" : "https://github.com/Swinject/Swinject.git",
      "state" : {
        "branch" : "master",
        "revision" : "45e9e99b05e356f2d68d170d695387a8eabf8694"
      }
    },
    {
      "identity" : "switch-animations",
      "kind" : "remoteSourceControl",
      "location" : "https://github.com/jwd-ali/Switch-Animations.git",
      "state" : {
        "branch" : "master",
        "revision" : "039320e478d13c40871c3ee7de996eae8ffeecdd"
      }
    },
    {
      "identity" : "then",
      "kind" : "remoteSourceControl",
      "location" : "https://github.com/devxoul/Then",
      "state" : {
        "branch" : "master",
        "revision" : "d41ef523faef0f911369f79c0b96815d9dbb6d7a"
      }
    },
    {
      "identity" : "uigradient",
      "kind" : "remoteSourceControl",
      "location" : "https://github.com/dqhieu/UIGradient.git",
      "state" : {
        "branch" : "master",
        "revision" : "80d42010d24dbe676de684c0fcf4087f5cafe058"
      }
    }
  ],
  "version" : 2
}
