// !$*UTF8*$!
{
	archiveVersion = 1;
	classes = {
	};
	objectVersion = 55;
	objects = {

/* Begin PBXBuildFile section */
		EE975C6D2820DDA700EBB527 /* AppDelegate.swift in Sources */ = {isa = PBXBuildFile; fileRef = EE975C6C2820DDA700EBB527 /* AppDelegate.swift */; };
		EE975C6F2820DDA700EBB527 /* SceneDelegate.swift in Sources */ = {isa = PBXBuildFile; fileRef = EE975C6E2820DDA700EBB527 /* SceneDelegate.swift */; };
		EE975C762820DDA900EBB527 /* Assets.xcassets in Resources */ = {isa = PBXBuildFile; fileRef = EE975C752820DDA900EBB527 /* Assets.xcassets */; };
		EE975C792820DDA900EBB527 /* LaunchScreen.storyboard in Resources */ = {isa = PBXBuildFile; fileRef = EE975C772820DDA900EBB527 /* LaunchScreen.storyboard */; };
		EE975C8E2820E79500EBB527 /* Then in Frameworks */ = {isa = PBXBuildFile; productRef = EE975C8D2820E79500EBB527 /* Then */; };
		EE975C922820E81C00EBB527 /* KeychainSwift in Frameworks */ = {isa = PBXBuildFile; productRef = EE975C912820E81C00EBB527 /* KeychainSwift */; };
		EE975C962820E88300EBB527 /* PanModal in Frameworks */ = {isa = PBXBuildFile; productRef = EE975C952820E88300EBB527 /* PanModal */; };
		EE975C9E2820EAD700EBB527 /* LoginScenePresenter.swift in Sources */ = {isa = PBXBuildFile; fileRef = EE975C982820EAD700EBB527 /* LoginScenePresenter.swift */; };
		EE975C9F2820EAD700EBB527 /* LoginSceneWorker.swift in Sources */ = {isa = PBXBuildFile; fileRef = EE975C992820EAD700EBB527 /* LoginSceneWorker.swift */; };
		EE975CA02820EAD700EBB527 /* LoginSceneRouter.swift in Sources */ = {isa = PBXBuildFile; fileRef = EE975C9A2820EAD700EBB527 /* LoginSceneRouter.swift */; };
		EE975CA12820EAD700EBB527 /* LoginSceneViewController.swift in Sources */ = {isa = PBXBuildFile; fileRef = EE975C9B2820EAD700EBB527 /* LoginSceneViewController.swift */; };
		EE975CA22820EAD700EBB527 /* LoginSceneInteractor.swift in Sources */ = {isa = PBXBuildFile; fileRef = EE975C9C2820EAD700EBB527 /* LoginSceneInteractor.swift */; };
		EE975CA32820EAD700EBB527 /* LoginSceneConfigurator.swift in Sources */ = {isa = PBXBuildFile; fileRef = EE975C9D2820EAD700EBB527 /* LoginSceneConfigurator.swift */; };
		EE975CA82820EB4300EBB527 /* AppDI.swift in Sources */ = {isa = PBXBuildFile; fileRef = EE975CA72820EB4300EBB527 /* AppDI.swift */; };
		EE975CAB2820EB5900EBB527 /* RxSwift in Frameworks */ = {isa = PBXBuildFile; productRef = EE975CAA2820EB5900EBB527 /* RxSwift */; };
		EE975CAD2820EB5D00EBB527 /* RxCocoa in Frameworks */ = {isa = PBXBuildFile; productRef = EE975CAC2820EB5D00EBB527 /* RxCocoa */; };
		EE975CAF2820EB6300EBB527 /* RxMoya in Frameworks */ = {isa = PBXBuildFile; productRef = EE975CAE2820EB6300EBB527 /* RxMoya */; };
		EE975CB12820EB6700EBB527 /* Swinject in Frameworks */ = {isa = PBXBuildFile; productRef = EE975CB02820EB6700EBB527 /* Swinject */; };
		EE975CB42820EE4200EBB527 /* Reusable in Frameworks */ = {isa = PBXBuildFile; productRef = EE975CB32820EE4200EBB527 /* Reusable */; };
		EE975CB62820EEBF00EBB527 /* Base in Frameworks */ = {isa = PBXBuildFile; productRef = EE975CB52820EEBF00EBB527 /* Base */; };
		EE975CBC2820F1BC00EBB527 /* IQKeyboardManagerSwift in Frameworks */ = {isa = PBXBuildFile; productRef = EE975CBB2820F1BC00EBB527 /* IQKeyboardManagerSwift */; };
/* End PBXBuildFile section */

/* Begin PBXFileReference section */
		EE975C692820DDA700EBB527 /* EZY-iOS.app */ = {isa = PBXFileReference; explicitFileType = wrapper.application; includeInIndex = 0; path = "EZY-iOS.app"; sourceTree = BUILT_PRODUCTS_DIR; };
		EE975C6C2820DDA700EBB527 /* AppDelegate.swift */ = {isa = PBXFileReference; lastKnownFileType = sourcecode.swift; path = AppDelegate.swift; sourceTree = "<group>"; };
		EE975C6E2820DDA700EBB527 /* SceneDelegate.swift */ = {isa = PBXFileReference; lastKnownFileType = sourcecode.swift; path = SceneDelegate.swift; sourceTree = "<group>"; };
		EE975C752820DDA900EBB527 /* Assets.xcassets */ = {isa = PBXFileReference; lastKnownFileType = folder.assetcatalog; path = Assets.xcassets; sourceTree = "<group>"; };
		EE975C782820DDA900EBB527 /* Base */ = {isa = PBXFileReference; lastKnownFileType = file.storyboard; name = Base; path = Base.lproj/LaunchScreen.storyboard; sourceTree = "<group>"; };
		EE975C7A2820DDA900EBB527 /* Info.plist */ = {isa = PBXFileReference; lastKnownFileType = text.plist.xml; name = Info.plist; path = "EZY-iOS/Supporting/Info.plist"; sourceTree = SOURCE_ROOT; };
		EE975C892820E6C500EBB527 /* Platform */ = {isa = PBXFileReference; lastKnownFileType = wrapper; path = Platform; sourceTree = "<group>"; };
		EE975C982820EAD700EBB527 /* LoginScenePresenter.swift */ = {isa = PBXFileReference; lastKnownFileType = sourcecode.swift; path = LoginScenePresenter.swift; sourceTree = "<group>"; };
		EE975C992820EAD700EBB527 /* LoginSceneWorker.swift */ = {isa = PBXFileReference; lastKnownFileType = sourcecode.swift; path = LoginSceneWorker.swift; sourceTree = "<group>"; };
		EE975C9A2820EAD700EBB527 /* LoginSceneRouter.swift */ = {isa = PBXFileReference; lastKnownFileType = sourcecode.swift; path = LoginSceneRouter.swift; sourceTree = "<group>"; };
		EE975C9B2820EAD700EBB527 /* LoginSceneViewController.swift */ = {isa = PBXFileReference; lastKnownFileType = sourcecode.swift; path = LoginSceneViewController.swift; sourceTree = "<group>"; };
		EE975C9C2820EAD700EBB527 /* LoginSceneInteractor.swift */ = {isa = PBXFileReference; lastKnownFileType = sourcecode.swift; path = LoginSceneInteractor.swift; sourceTree = "<group>"; };
		EE975C9D2820EAD700EBB527 /* LoginSceneConfigurator.swift */ = {isa = PBXFileReference; lastKnownFileType = sourcecode.swift; path = LoginSceneConfigurator.swift; sourceTree = "<group>"; };
		EE975CA72820EB4300EBB527 /* AppDI.swift */ = {isa = PBXFileReference; lastKnownFileType = sourcecode.swift; path = AppDI.swift; sourceTree = "<group>"; };
/* End PBXFileReference section */

/* Begin PBXFrameworksBuildPhase section */
		EE975C662820DDA700EBB527 /* Frameworks */ = {
			isa = PBXFrameworksBuildPhase;
			buildActionMask = 2147483647;
			files = (
				EE975CAF2820EB6300EBB527 /* RxMoya in Frameworks */,
				EE975C922820E81C00EBB527 /* KeychainSwift in Frameworks */,
				EE975CB12820EB6700EBB527 /* Swinject in Frameworks */,
				EE975CB42820EE4200EBB527 /* Reusable in Frameworks */,
				EE975C8E2820E79500EBB527 /* Then in Frameworks */,
				EE975CBC2820F1BC00EBB527 /* IQKeyboardManagerSwift in Frameworks */,
				EE975CAD2820EB5D00EBB527 /* RxCocoa in Frameworks */,
				EE975CAB2820EB5900EBB527 /* RxSwift in Frameworks */,
				EE975CB62820EEBF00EBB527 /* Base in Frameworks */,
				EE975C962820E88300EBB527 /* PanModal in Frameworks */,
			);
			runOnlyForDeploymentPostprocessing = 0;
		};
/* End PBXFrameworksBuildPhase section */

/* Begin PBXGroup section */
		EE975C602820DDA700EBB527 = {
			isa = PBXGroup;
			children = (
				EE975C892820E6C500EBB527 /* Platform */,
				EE975C6B2820DDA700EBB527 /* EZY-iOS */,
				EE975C6A2820DDA700EBB527 /* Products */,
				EE975CA92820EB5900EBB527 /* Frameworks */,
			);
			sourceTree = "<group>";
		};
		EE975C6A2820DDA700EBB527 /* Products */ = {
			isa = PBXGroup;
			children = (
				EE975C692820DDA700EBB527 /* EZY-iOS.app */,
			);
			name = Products;
			sourceTree = "<group>";
		};
		EE975C6B2820DDA700EBB527 /* EZY-iOS */ = {
			isa = PBXGroup;
			children = (
				EE975C822820E51800EBB527 /* Supporting */,
				EE975C812820E50F00EBB527 /* Resources */,
				EE975C802820E50A00EBB527 /* Sources */,
			);
			path = "EZY-iOS";
			sourceTree = "<group>";
		};
		EE975C802820E50A00EBB527 /* Sources */ = {
			isa = PBXGroup;
			children = (
				EE975C832820E53F00EBB527 /* Application */,
				EE975C872820E63B00EBB527 /* Managers */,
				EE975C862820E63200EBB527 /* Services */,
				EE975C852820E62B00EBB527 /* Models */,
				EE975C842820E59700EBB527 /* Scenes */,
			);
			path = Sources;
			sourceTree = "<group>";
		};
		EE975C812820E50F00EBB527 /* Resources */ = {
			isa = PBXGroup;
			children = (
				EE975C752820DDA900EBB527 /* Assets.xcassets */,
				EE975C772820DDA900EBB527 /* LaunchScreen.storyboard */,
			);
			path = Resources;
			sourceTree = "<group>";
		};
		EE975C822820E51800EBB527 /* Supporting */ = {
			isa = PBXGroup;
			children = (
				EE975C7A2820DDA900EBB527 /* Info.plist */,
			);
			path = Supporting;
			sourceTree = "<group>";
		};
		EE975C832820E53F00EBB527 /* Application */ = {
			isa = PBXGroup;
			children = (
				EE975CA52820EB0900EBB527 /* DI */,
				EE975CA62820EB1500EBB527 /* Flow */,
			);
			path = Application;
			sourceTree = "<group>";
		};
		EE975C842820E59700EBB527 /* Scenes */ = {
			isa = PBXGroup;
			children = (
				EE975C882820E64600EBB527 /* LoginScene */,
			);
			path = Scenes;
			sourceTree = "<group>";
		};
		EE975C852820E62B00EBB527 /* Models */ = {
			isa = PBXGroup;
			children = (
			);
			name = Models;
			sourceTree = "<group>";
		};
		EE975C862820E63200EBB527 /* Services */ = {
			isa = PBXGroup;
			children = (
			);
			path = Services;
			sourceTree = "<group>";
		};
		EE975C872820E63B00EBB527 /* Managers */ = {
			isa = PBXGroup;
			children = (
			);
			path = Managers;
			sourceTree = "<group>";
		};
		EE975C882820E64600EBB527 /* LoginScene */ = {
			isa = PBXGroup;
			children = (
				EE975C982820EAD700EBB527 /* LoginScenePresenter.swift */,
				EE975C992820EAD700EBB527 /* LoginSceneWorker.swift */,
				EE975C9A2820EAD700EBB527 /* LoginSceneRouter.swift */,
				EE975C9B2820EAD700EBB527 /* LoginSceneViewController.swift */,
				EE975C9C2820EAD700EBB527 /* LoginSceneInteractor.swift */,
				EE975C9D2820EAD700EBB527 /* LoginSceneConfigurator.swift */,
			);
			path = LoginScene;
			sourceTree = "<group>";
		};
		EE975CA52820EB0900EBB527 /* DI */ = {
			isa = PBXGroup;
			children = (
				EE975CA72820EB4300EBB527 /* AppDI.swift */,
			);
			path = DI;
			sourceTree = "<group>";
		};
		EE975CA62820EB1500EBB527 /* Flow */ = {
			isa = PBXGroup;
			children = (
				EE975C6C2820DDA700EBB527 /* AppDelegate.swift */,
				EE975C6E2820DDA700EBB527 /* SceneDelegate.swift */,
			);
			path = Flow;
			sourceTree = "<group>";
		};
		EE975CA92820EB5900EBB527 /* Frameworks */ = {
			isa = PBXGroup;
			children = (
			);
			name = Frameworks;
			sourceTree = "<group>";
		};
/* End PBXGroup section */

/* Begin PBXNativeTarget section */
		EE975C682820DDA700EBB527 /* EZY-iOS */ = {
			isa = PBXNativeTarget;
			buildConfigurationList = EE975C7D2820DDA900EBB527 /* Build configuration list for PBXNativeTarget "EZY-iOS" */;
			buildPhases = (
				EE975C652820DDA700EBB527 /* Sources */,
				EE975C662820DDA700EBB527 /* Frameworks */,
				EE975C672820DDA700EBB527 /* Resources */,
			);
			buildRules = (
			);
			dependencies = (
			);
			name = "EZY-iOS";
			packageProductDependencies = (
				EE975C8D2820E79500EBB527 /* Then */,
				EE975C912820E81C00EBB527 /* KeychainSwift */,
				EE975C952820E88300EBB527 /* PanModal */,
				EE975CAA2820EB5900EBB527 /* RxSwift */,
				EE975CAC2820EB5D00EBB527 /* RxCocoa */,
				EE975CAE2820EB6300EBB527 /* RxMoya */,
				EE975CB02820EB6700EBB527 /* Swinject */,
				EE975CB32820EE4200EBB527 /* Reusable */,
				EE975CB52820EEBF00EBB527 /* Base */,
				EE975CBB2820F1BC00EBB527 /* IQKeyboardManagerSwift */,
			);
			productName = "EZY-iOS";
			productReference = EE975C692820DDA700EBB527 /* EZY-iOS.app */;
			productType = "com.apple.product-type.application";
		};
/* End PBXNativeTarget section */

/* Begin PBXProject section */
		EE975C612820DDA700EBB527 /* Project object */ = {
			isa = PBXProject;
			attributes = {
				BuildIndependentTargetsInParallel = 1;
				LastSwiftUpdateCheck = 1330;
				LastUpgradeCheck = 1330;
				TargetAttributes = {
					EE975C682820DDA700EBB527 = {
						CreatedOnToolsVersion = 13.3.1;
					};
				};
			};
			buildConfigurationList = EE975C642820DDA700EBB527 /* Build configuration list for PBXProject "EZY-iOS" */;
			compatibilityVersion = "Xcode 13.0";
			developmentRegion = en;
			hasScannedForEncodings = 0;
			knownRegions = (
				en,
				Base,
			);
			mainGroup = EE975C602820DDA700EBB527;
			packageReferences = (
				EE975C8A2820E74300EBB527 /* XCRemoteSwiftPackageReference "RxSwift" */,
				EE975C8B2820E75F00EBB527 /* XCRemoteSwiftPackageReference "SnapKit" */,
				EE975C8C2820E79500EBB527 /* XCRemoteSwiftPackageReference "Then" */,
				EE975C8F2820E7DA00EBB527 /* XCRemoteSwiftPackageReference "Moya" */,
				EE975C902820E81C00EBB527 /* XCRemoteSwiftPackageReference "keychain-swift" */,
				EE975C932820E85100EBB527 /* XCRemoteSwiftPackageReference "Swinject" */,
				EE975C942820E88300EBB527 /* XCRemoteSwiftPackageReference "PanModal" */,
				EE975C972820E99800EBB527 /* XCRemoteSwiftPackageReference "ReusableKit" */,
				EE975CB22820EE4200EBB527 /* XCRemoteSwiftPackageReference "Reusable" */,
				EE975CBA2820F1BC00EBB527 /* XCRemoteSwiftPackageReference "IQKeyboardManager" */,
			);
			productRefGroup = EE975C6A2820DDA700EBB527 /* Products */;
			projectDirPath = "";
			projectRoot = "";
			targets = (
				EE975C682820DDA700EBB527 /* EZY-iOS */,
			);
		};
/* End PBXProject section */

/* Begin PBXResourcesBuildPhase section */
		EE975C672820DDA700EBB527 /* Resources */ = {
			isa = PBXResourcesBuildPhase;
			buildActionMask = 2147483647;
			files = (
				EE975C792820DDA900EBB527 /* LaunchScreen.storyboard in Resources */,
				EE975C762820DDA900EBB527 /* Assets.xcassets in Resources */,
			);
			runOnlyForDeploymentPostprocessing = 0;
		};
/* End PBXResourcesBuildPhase section */

/* Begin PBXSourcesBuildPhase section */
		EE975C652820DDA700EBB527 /* Sources */ = {
			isa = PBXSourcesBuildPhase;
			buildActionMask = 2147483647;
			files = (
				EE975C9F2820EAD700EBB527 /* LoginSceneWorker.swift in Sources */,
				EE975CA12820EAD700EBB527 /* LoginSceneViewController.swift in Sources */,
				EE975CA82820EB4300EBB527 /* AppDI.swift in Sources */,
				EE975CA02820EAD700EBB527 /* LoginSceneRouter.swift in Sources */,
				EE975C6D2820DDA700EBB527 /* AppDelegate.swift in Sources */,
				EE975CA32820EAD700EBB527 /* LoginSceneConfigurator.swift in Sources */,
				EE975C6F2820DDA700EBB527 /* SceneDelegate.swift in Sources */,
				EE975C9E2820EAD700EBB527 /* LoginScenePresenter.swift in Sources */,
				EE975CA22820EAD700EBB527 /* LoginSceneInteractor.swift in Sources */,
			);
			runOnlyForDeploymentPostprocessing = 0;
		};
/* End PBXSourcesBuildPhase section */

/* Begin PBXVariantGroup section */
		EE975C772820DDA900EBB527 /* LaunchScreen.storyboard */ = {
			isa = PBXVariantGroup;
			children = (
				EE975C782820DDA900EBB527 /* Base */,
			);
			name = LaunchScreen.storyboard;
			sourceTree = "<group>";
		};
/* End PBXVariantGroup section */

/* Begin XCBuildConfiguration section */
		EE975C7B2820DDA900EBB527 /* Debug */ = {
			isa = XCBuildConfiguration;
			buildSettings = {
				ALWAYS_SEARCH_USER_PATHS = NO;
				CLANG_ANALYZER_NONNULL = YES;
				CLANG_ANALYZER_NUMBER_OBJECT_CONVERSION = YES_AGGRESSIVE;
				CLANG_CXX_LANGUAGE_STANDARD = "gnu++17";
				CLANG_ENABLE_MODULES = YES;
				CLANG_ENABLE_OBJC_ARC = YES;
				CLANG_ENABLE_OBJC_WEAK = YES;
				CLANG_WARN_BLOCK_CAPTURE_AUTORELEASING = YES;
				CLANG_WARN_BOOL_CONVERSION = YES;
				CLANG_WARN_COMMA = YES;
				CLANG_WARN_CONSTANT_CONVERSION = YES;
				CLANG_WARN_DEPRECATED_OBJC_IMPLEMENTATIONS = YES;
				CLANG_WARN_DIRECT_OBJC_ISA_USAGE = YES_ERROR;
				CLANG_WARN_DOCUMENTATION_COMMENTS = YES;
				CLANG_WARN_EMPTY_BODY = YES;
				CLANG_WARN_ENUM_CONVERSION = YES;
				CLANG_WARN_INFINITE_RECURSION = YES;
				CLANG_WARN_INT_CONVERSION = YES;
				CLANG_WARN_NON_LITERAL_NULL_CONVERSION = YES;
				CLANG_WARN_OBJC_IMPLICIT_RETAIN_SELF = YES;
				CLANG_WARN_OBJC_LITERAL_CONVERSION = YES;
				CLANG_WARN_OBJC_ROOT_CLASS = YES_ERROR;
				CLANG_WARN_QUOTED_INCLUDE_IN_FRAMEWORK_HEADER = YES;
				CLANG_WARN_RANGE_LOOP_ANALYSIS = YES;
				CLANG_WARN_STRICT_PROTOTYPES = YES;
				CLANG_WARN_SUSPICIOUS_MOVE = YES;
				CLANG_WARN_UNGUARDED_AVAILABILITY = YES_AGGRESSIVE;
				CLANG_WARN_UNREACHABLE_CODE = YES;
				CLANG_WARN__DUPLICATE_METHOD_MATCH = YES;
				COPY_PHASE_STRIP = NO;
				DEBUG_INFORMATION_FORMAT = dwarf;
				ENABLE_STRICT_OBJC_MSGSEND = YES;
				ENABLE_TESTABILITY = YES;
				GCC_C_LANGUAGE_STANDARD = gnu11;
				GCC_DYNAMIC_NO_PIC = NO;
				GCC_NO_COMMON_BLOCKS = YES;
				GCC_OPTIMIZATION_LEVEL = 0;
				GCC_PREPROCESSOR_DEFINITIONS = (
					"DEBUG=1",
					"$(inherited)",
				);
				GCC_WARN_64_TO_32_BIT_CONVERSION = YES;
				GCC_WARN_ABOUT_RETURN_TYPE = YES_ERROR;
				GCC_WARN_UNDECLARED_SELECTOR = YES;
				GCC_WARN_UNINITIALIZED_AUTOS = YES_AGGRESSIVE;
				GCC_WARN_UNUSED_FUNCTION = YES;
				GCC_WARN_UNUSED_VARIABLE = YES;
				IPHONEOS_DEPLOYMENT_TARGET = 15.4;
				MTL_ENABLE_DEBUG_INFO = INCLUDE_SOURCE;
				MTL_FAST_MATH = YES;
				ONLY_ACTIVE_ARCH = YES;
				SDKROOT = iphoneos;
				SWIFT_ACTIVE_COMPILATION_CONDITIONS = DEBUG;
				SWIFT_OPTIMIZATION_LEVEL = "-Onone";
			};
			name = Debug;
		};
		EE975C7C2820DDA900EBB527 /* Release */ = {
			isa = XCBuildConfiguration;
			buildSettings = {
				ALWAYS_SEARCH_USER_PATHS = NO;
				CLANG_ANALYZER_NONNULL = YES;
				CLANG_ANALYZER_NUMBER_OBJECT_CONVERSION = YES_AGGRESSIVE;
				CLANG_CXX_LANGUAGE_STANDARD = "gnu++17";
				CLANG_ENABLE_MODULES = YES;
				CLANG_ENABLE_OBJC_ARC = YES;
				CLANG_ENABLE_OBJC_WEAK = YES;
				CLANG_WARN_BLOCK_CAPTURE_AUTORELEASING = YES;
				CLANG_WARN_BOOL_CONVERSION = YES;
				CLANG_WARN_COMMA = YES;
				CLANG_WARN_CONSTANT_CONVERSION = YES;
				CLANG_WARN_DEPRECATED_OBJC_IMPLEMENTATIONS = YES;
				CLANG_WARN_DIRECT_OBJC_ISA_USAGE = YES_ERROR;
				CLANG_WARN_DOCUMENTATION_COMMENTS = YES;
				CLANG_WARN_EMPTY_BODY = YES;
				CLANG_WARN_ENUM_CONVERSION = YES;
				CLANG_WARN_INFINITE_RECURSION = YES;
				CLANG_WARN_INT_CONVERSION = YES;
				CLANG_WARN_NON_LITERAL_NULL_CONVERSION = YES;
				CLANG_WARN_OBJC_IMPLICIT_RETAIN_SELF = YES;
				CLANG_WARN_OBJC_LITERAL_CONVERSION = YES;
				CLANG_WARN_OBJC_ROOT_CLASS = YES_ERROR;
				CLANG_WARN_QUOTED_INCLUDE_IN_FRAMEWORK_HEADER = YES;
				CLANG_WARN_RANGE_LOOP_ANALYSIS = YES;
				CLANG_WARN_STRICT_PROTOTYPES = YES;
				CLANG_WARN_SUSPICIOUS_MOVE = YES;
				CLANG_WARN_UNGUARDED_AVAILABILITY = YES_AGGRESSIVE;
				CLANG_WARN_UNREACHABLE_CODE = YES;
				CLANG_WARN__DUPLICATE_METHOD_MATCH = YES;
				COPY_PHASE_STRIP = NO;
				DEBUG_INFORMATION_FORMAT = "dwarf-with-dsym";
				ENABLE_NS_ASSERTIONS = NO;
				ENABLE_STRICT_OBJC_MSGSEND = YES;
				GCC_C_LANGUAGE_STANDARD = gnu11;
				GCC_NO_COMMON_BLOCKS = YES;
				GCC_WARN_64_TO_32_BIT_CONVERSION = YES;
				GCC_WARN_ABOUT_RETURN_TYPE = YES_ERROR;
				GCC_WARN_UNDECLARED_SELECTOR = YES;
				GCC_WARN_UNINITIALIZED_AUTOS = YES_AGGRESSIVE;
				GCC_WARN_UNUSED_FUNCTION = YES;
				GCC_WARN_UNUSED_VARIABLE = YES;
				IPHONEOS_DEPLOYMENT_TARGET = 15.4;
				MTL_ENABLE_DEBUG_INFO = NO;
				MTL_FAST_MATH = YES;
				SDKROOT = iphoneos;
				SWIFT_COMPILATION_MODE = wholemodule;
				SWIFT_OPTIMIZATION_LEVEL = "-O";
				VALIDATE_PRODUCT = YES;
			};
			name = Release;
		};
		EE975C7E2820DDA900EBB527 /* Debug */ = {
			isa = XCBuildConfiguration;
			buildSettings = {
				ASSETCATALOG_COMPILER_APPICON_NAME = AppIcon;
				ASSETCATALOG_COMPILER_GLOBAL_ACCENT_COLOR_NAME = AccentColor;
				CODE_SIGN_STYLE = Automatic;
				CURRENT_PROJECT_VERSION = 1;
				DEVELOPMENT_TEAM = Q2JZBR7H7Y;
				GENERATE_INFOPLIST_FILE = YES;
				INFOPLIST_FILE = "EZY-iOS/Supporting/Info.plist";
				INFOPLIST_KEY_UIApplicationSupportsIndirectInputEvents = YES;
				INFOPLIST_KEY_UILaunchStoryboardName = LaunchScreen;
				INFOPLIST_KEY_UISupportedInterfaceOrientations_iPad = "UIInterfaceOrientationPortrait UIInterfaceOrientationPortraitUpsideDown UIInterfaceOrientationLandscapeLeft UIInterfaceOrientationLandscapeRight";
				INFOPLIST_KEY_UISupportedInterfaceOrientations_iPhone = "UIInterfaceOrientationPortrait UIInterfaceOrientationLandscapeLeft UIInterfaceOrientationLandscapeRight";
				LD_RUNPATH_SEARCH_PATHS = (
					"$(inherited)",
					"@executable_path/Frameworks",
				);
				MARKETING_VERSION = 1.0;
				PRODUCT_BUNDLE_IDENTIFIER = "JiHoonAHN.EZY-iOS";
				PRODUCT_NAME = "$(TARGET_NAME)";
				SWIFT_EMIT_LOC_STRINGS = YES;
				SWIFT_VERSION = 5.0;
				TARGETED_DEVICE_FAMILY = "1,2";
			};
			name = Debug;
		};
		EE975C7F2820DDA900EBB527 /* Release */ = {
			isa = XCBuildConfiguration;
			buildSettings = {
				ASSETCATALOG_COMPILER_APPICON_NAME = AppIcon;
				ASSETCATALOG_COMPILER_GLOBAL_ACCENT_COLOR_NAME = AccentColor;
				CODE_SIGN_STYLE = Automatic;
				CURRENT_PROJECT_VERSION = 1;
				DEVELOPMENT_TEAM = Q2JZBR7H7Y;
				GENERATE_INFOPLIST_FILE = YES;
				INFOPLIST_FILE = "EZY-iOS/Supporting/Info.plist";
				INFOPLIST_KEY_UIApplicationSupportsIndirectInputEvents = YES;
				INFOPLIST_KEY_UILaunchStoryboardName = LaunchScreen;
				INFOPLIST_KEY_UISupportedInterfaceOrientations_iPad = "UIInterfaceOrientationPortrait UIInterfaceOrientationPortraitUpsideDown UIInterfaceOrientationLandscapeLeft UIInterfaceOrientationLandscapeRight";
				INFOPLIST_KEY_UISupportedInterfaceOrientations_iPhone = "UIInterfaceOrientationPortrait UIInterfaceOrientationLandscapeLeft UIInterfaceOrientationLandscapeRight";
				LD_RUNPATH_SEARCH_PATHS = (
					"$(inherited)",
					"@executable_path/Frameworks",
				);
				MARKETING_VERSION = 1.0;
				PRODUCT_BUNDLE_IDENTIFIER = "JiHoonAHN.EZY-iOS";
				PRODUCT_NAME = "$(TARGET_NAME)";
				SWIFT_EMIT_LOC_STRINGS = YES;
				SWIFT_VERSION = 5.0;
				TARGETED_DEVICE_FAMILY = "1,2";
			};
			name = Release;
		};
/* End XCBuildConfiguration section */

/* Begin XCConfigurationList section */
		EE975C642820DDA700EBB527 /* Build configuration list for PBXProject "EZY-iOS" */ = {
			isa = XCConfigurationList;
			buildConfigurations = (
				EE975C7B2820DDA900EBB527 /* Debug */,
				EE975C7C2820DDA900EBB527 /* Release */,
			);
			defaultConfigurationIsVisible = 0;
			defaultConfigurationName = Release;
		};
		EE975C7D2820DDA900EBB527 /* Build configuration list for PBXNativeTarget "EZY-iOS" */ = {
			isa = XCConfigurationList;
			buildConfigurations = (
				EE975C7E2820DDA900EBB527 /* Debug */,
				EE975C7F2820DDA900EBB527 /* Release */,
			);
			defaultConfigurationIsVisible = 0;
			defaultConfigurationName = Release;
		};
/* End XCConfigurationList section */

/* Begin XCRemoteSwiftPackageReference section */
		EE975C8A2820E74300EBB527 /* XCRemoteSwiftPackageReference "RxSwift" */ = {
			isa = XCRemoteSwiftPackageReference;
			repositoryURL = "https://github.com/ReactiveX/RxSwift.git";
			requirement = {
				branch = main;
				kind = branch;
			};
		};
		EE975C8B2820E75F00EBB527 /* XCRemoteSwiftPackageReference "SnapKit" */ = {
			isa = XCRemoteSwiftPackageReference;
			repositoryURL = "https://github.com/SnapKit/SnapKit";
			requirement = {
				branch = develop;
				kind = branch;
			};
		};
		EE975C8C2820E79500EBB527 /* XCRemoteSwiftPackageReference "Then" */ = {
			isa = XCRemoteSwiftPackageReference;
			repositoryURL = "https://github.com/devxoul/Then";
			requirement = {
				branch = master;
				kind = branch;
			};
		};
		EE975C8F2820E7DA00EBB527 /* XCRemoteSwiftPackageReference "Moya" */ = {
			isa = XCRemoteSwiftPackageReference;
			repositoryURL = "https://github.com/Moya/Moya";
			requirement = {
				branch = master;
				kind = branch;
			};
		};
		EE975C902820E81C00EBB527 /* XCRemoteSwiftPackageReference "keychain-swift" */ = {
			isa = XCRemoteSwiftPackageReference;
			repositoryURL = "https://github.com/evgenyneu/keychain-swift.git";
			requirement = {
				branch = master;
				kind = branch;
			};
		};
		EE975C932820E85100EBB527 /* XCRemoteSwiftPackageReference "Swinject" */ = {
			isa = XCRemoteSwiftPackageReference;
			repositoryURL = "https://github.com/Swinject/Swinject.git";
			requirement = {
				branch = master;
				kind = branch;
			};
		};
		EE975C942820E88300EBB527 /* XCRemoteSwiftPackageReference "PanModal" */ = {
			isa = XCRemoteSwiftPackageReference;
			repositoryURL = "https://github.com/slackhq/PanModal";
			requirement = {
				branch = master;
				kind = branch;
			};
		};
		EE975C972820E99800EBB527 /* XCRemoteSwiftPackageReference "ReusableKit" */ = {
			isa = XCRemoteSwiftPackageReference;
			repositoryURL = "https://github.com/devxoul/ReusableKit.git";
			requirement = {
				branch = master;
				kind = branch;
			};
		};
		EE975CB22820EE4200EBB527 /* XCRemoteSwiftPackageReference "Reusable" */ = {
			isa = XCRemoteSwiftPackageReference;
			repositoryURL = "https://github.com/AliSoftware/Reusable.git";
			requirement = {
				branch = main;
				kind = branch;
			};
		};
		EE975CBA2820F1BC00EBB527 /* XCRemoteSwiftPackageReference "IQKeyboardManager" */ = {
			isa = XCRemoteSwiftPackageReference;
			repositoryURL = "https://github.com/hackiftekhar/IQKeyboardManager.git";
			requirement = {
				branch = master;
				kind = branch;
			};
		};
/* End XCRemoteSwiftPackageReference section */

/* Begin XCSwiftPackageProductDependency section */
		EE975C8D2820E79500EBB527 /* Then */ = {
			isa = XCSwiftPackageProductDependency;
			package = EE975C8C2820E79500EBB527 /* XCRemoteSwiftPackageReference "Then" */;
			productName = Then;
		};
		EE975C912820E81C00EBB527 /* KeychainSwift */ = {
			isa = XCSwiftPackageProductDependency;
			package = EE975C902820E81C00EBB527 /* XCRemoteSwiftPackageReference "keychain-swift" */;
			productName = KeychainSwift;
		};
		EE975C952820E88300EBB527 /* PanModal */ = {
			isa = XCSwiftPackageProductDependency;
			package = EE975C942820E88300EBB527 /* XCRemoteSwiftPackageReference "PanModal" */;
			productName = PanModal;
		};
		EE975CAA2820EB5900EBB527 /* RxSwift */ = {
			isa = XCSwiftPackageProductDependency;
			package = EE975C8A2820E74300EBB527 /* XCRemoteSwiftPackageReference "RxSwift" */;
			productName = RxSwift;
		};
		EE975CAC2820EB5D00EBB527 /* RxCocoa */ = {
			isa = XCSwiftPackageProductDependency;
			package = EE975C8A2820E74300EBB527 /* XCRemoteSwiftPackageReference "RxSwift" */;
			productName = RxCocoa;
		};
		EE975CAE2820EB6300EBB527 /* RxMoya */ = {
			isa = XCSwiftPackageProductDependency;
			package = EE975C8F2820E7DA00EBB527 /* XCRemoteSwiftPackageReference "Moya" */;
			productName = RxMoya;
		};
		EE975CB02820EB6700EBB527 /* Swinject */ = {
			isa = XCSwiftPackageProductDependency;
			package = EE975C932820E85100EBB527 /* XCRemoteSwiftPackageReference "Swinject" */;
			productName = Swinject;
		};
		EE975CB32820EE4200EBB527 /* Reusable */ = {
			isa = XCSwiftPackageProductDependency;
			package = EE975CB22820EE4200EBB527 /* XCRemoteSwiftPackageReference "Reusable" */;
			productName = Reusable;
		};
		EE975CB52820EEBF00EBB527 /* Base */ = {
			isa = XCSwiftPackageProductDependency;
			productName = Base;
		};
		EE975CBB2820F1BC00EBB527 /* IQKeyboardManagerSwift */ = {
			isa = XCSwiftPackageProductDependency;
			package = EE975CBA2820F1BC00EBB527 /* XCRemoteSwiftPackageReference "IQKeyboardManager" */;
			productName = IQKeyboardManagerSwift;
		};
/* End XCSwiftPackageProductDependency section */
	};
	rootObject = EE975C612820DDA700EBB527 /* Project object */;
}
