// !$*UTF8*$!
{
	archiveVersion = 1;
	classes = {
	};
	objectVersion = 55;
	objects = {

/* Begin PBXBuildFile section */
		EE975C6D2820DDA700EBB527 /* AppDelegate.swift in Sources */ = {isa = PBXBuildFile; fileRef = EE975C6C2820DDA700EBB527 /* AppDelegate.swift */; };
		EE975C762820DDA900EBB527 /* Assets.xcassets in Resources */ = {isa = PBXBuildFile; fileRef = EE975C752820DDA900EBB527 /* Assets.xcassets */; };
		EE975C792820DDA900EBB527 /* LaunchScreen.storyboard in Resources */ = {isa = PBXBuildFile; fileRef = EE975C772820DDA900EBB527 /* LaunchScreen.storyboard */; };
		EE975C8E2820E79500EBB527 /* Then in Frameworks */ = {isa = PBXBuildFile; productRef = EE975C8D2820E79500EBB527 /* Then */; };
		EE975C922820E81C00EBB527 /* KeychainSwift in Frameworks */ = {isa = PBXBuildFile; productRef = EE975C912820E81C00EBB527 /* KeychainSwift */; };
		EE975C962820E88300EBB527 /* PanModal in Frameworks */ = {isa = PBXBuildFile; productRef = EE975C952820E88300EBB527 /* PanModal */; };
		EE975CA82820EB4300EBB527 /* AppDI.swift in Sources */ = {isa = PBXBuildFile; fileRef = EE975CA72820EB4300EBB527 /* AppDI.swift */; };
		EE975CAB2820EB5900EBB527 /* RxSwift in Frameworks */ = {isa = PBXBuildFile; productRef = EE975CAA2820EB5900EBB527 /* RxSwift */; };
		EE975CAD2820EB5D00EBB527 /* RxCocoa in Frameworks */ = {isa = PBXBuildFile; productRef = EE975CAC2820EB5D00EBB527 /* RxCocoa */; };
		EE975CAF2820EB6300EBB527 /* RxMoya in Frameworks */ = {isa = PBXBuildFile; productRef = EE975CAE2820EB6300EBB527 /* RxMoya */; };
		EE975CB12820EB6700EBB527 /* Swinject in Frameworks */ = {isa = PBXBuildFile; productRef = EE975CB02820EB6700EBB527 /* Swinject */; };
		EE975CB42820EE4200EBB527 /* Reusable in Frameworks */ = {isa = PBXBuildFile; productRef = EE975CB32820EE4200EBB527 /* Reusable */; };
		EE975CB62820EEBF00EBB527 /* Base in Frameworks */ = {isa = PBXBuildFile; productRef = EE975CB52820EEBF00EBB527 /* Base */; };
		EE975CBC2820F1BC00EBB527 /* IQKeyboardManagerSwift in Frameworks */ = {isa = PBXBuildFile; productRef = EE975CBB2820F1BC00EBB527 /* IQKeyboardManagerSwift */; };
		EE975CBE28210AB600EBB527 /* UIUtil in Frameworks */ = {isa = PBXBuildFile; productRef = EE975CBD28210AB600EBB527 /* UIUtil */; };
		EE975CC9282112FF00EBB527 /* Lottie in Frameworks */ = {isa = PBXBuildFile; productRef = EE975CC8282112FF00EBB527 /* Lottie */; };
		EE975CCC2821133C00EBB527 /* UIGradient in Frameworks */ = {isa = PBXBuildFile; productRef = EE975CCB2821133C00EBB527 /* UIGradient */; };
		EE975CE028211BF500EBB527 /* Inject in Frameworks */ = {isa = PBXBuildFile; productRef = EE975CDF28211BF500EBB527 /* Inject */; };
		EEA68697282624820001DC16 /* ReactorKit in Frameworks */ = {isa = PBXBuildFile; productRef = EEA68696282624820001DC16 /* ReactorKit */; };
		EEA6869A282625710001DC16 /* Reachability in Frameworks */ = {isa = PBXBuildFile; productRef = EEA68699282625710001DC16 /* Reachability */; };
		EEA686AA282631F40001DC16 /* LoginRouter.swift in Sources */ = {isa = PBXBuildFile; fileRef = EEA686A6282631F40001DC16 /* LoginRouter.swift */; };
		EEA686AB282631F40001DC16 /* LoginViewController.swift in Sources */ = {isa = PBXBuildFile; fileRef = EEA686A7282631F40001DC16 /* LoginViewController.swift */; };
		EEA686AC282631F40001DC16 /* LoginBuilder.swift in Sources */ = {isa = PBXBuildFile; fileRef = EEA686A8282631F40001DC16 /* LoginBuilder.swift */; };
		EEA686AD282631F40001DC16 /* LoginInteractor.swift in Sources */ = {isa = PBXBuildFile; fileRef = EEA686A9282631F40001DC16 /* LoginInteractor.swift */; };
		EEA686AF28268D950001DC16 /* RIBsUtil in Frameworks */ = {isa = PBXBuildFile; productRef = EEA686AE28268D950001DC16 /* RIBsUtil */; };
		EEA8018628258A2600F5C99C /* EZYCustomNavigationBar.swift in Sources */ = {isa = PBXBuildFile; fileRef = EEA8018528258A2600F5C99C /* EZYCustomNavigationBar.swift */; };
		EEA8019F2825A42700F5C99C /* RIBs in Frameworks */ = {isa = PBXBuildFile; productRef = EEA8019E2825A42700F5C99C /* RIBs */; };
		EEA801A12825A4AD00F5C99C /* AppComponent.swift in Sources */ = {isa = PBXBuildFile; fileRef = EEA801A02825A4AD00F5C99C /* AppComponent.swift */; };
		EEA959FB2823CC5100D38991 /* UserTextField.swift in Sources */ = {isa = PBXBuildFile; fileRef = EEA959FA2823CC5100D38991 /* UserTextField.swift */; };
		EEAC4CF62827B07200A56D37 /* RootRouter.swift in Sources */ = {isa = PBXBuildFile; fileRef = EEAC4CF22827B07200A56D37 /* RootRouter.swift */; };
		EEAC4CF72827B07200A56D37 /* RootViewController.swift in Sources */ = {isa = PBXBuildFile; fileRef = EEAC4CF32827B07200A56D37 /* RootViewController.swift */; };
		EEAC4CF82827B07200A56D37 /* RootBuilder.swift in Sources */ = {isa = PBXBuildFile; fileRef = EEAC4CF42827B07200A56D37 /* RootBuilder.swift */; };
		EEAC4CF92827B07200A56D37 /* RootInteractor.swift in Sources */ = {isa = PBXBuildFile; fileRef = EEAC4CF52827B07200A56D37 /* RootInteractor.swift */; };
		EECDAF0A282169C10048306E /* EZYUI in Frameworks */ = {isa = PBXBuildFile; productRef = EECDAF09282169C10048306E /* EZYUI */; };
		EECDAF0D28216AD40048306E /* Switches in Frameworks */ = {isa = PBXBuildFile; productRef = EECDAF0C28216AD40048306E /* Switches */; };
		EECDAF162821776C0048306E /* SnapKit in Frameworks */ = {isa = PBXBuildFile; productRef = EECDAF152821776C0048306E /* SnapKit */; };
		EEF2B7B82827F79A00166593 /* NeedleFoundation in Frameworks */ = {isa = PBXBuildFile; productRef = EEF2B7B72827F79A00166593 /* NeedleFoundation */; };
		EEF2B7BC2827F87E00166593 /* RootComponent.swift in Sources */ = {isa = PBXBuildFile; fileRef = EEF2B7BB2827F87E00166593 /* RootComponent.swift */; };
		EEF7B6C528225A600073FC4C /* UserCustomButton.swift in Sources */ = {isa = PBXBuildFile; fileRef = EEF7B6C428225A600073FC4C /* UserCustomButton.swift */; };
/* End PBXBuildFile section */

/* Begin PBXFileReference section */
		EE975C692820DDA700EBB527 /* EZY-iOS.app */ = {isa = PBXFileReference; explicitFileType = wrapper.application; includeInIndex = 0; path = "EZY-iOS.app"; sourceTree = BUILT_PRODUCTS_DIR; };
		EE975C6C2820DDA700EBB527 /* AppDelegate.swift */ = {isa = PBXFileReference; lastKnownFileType = sourcecode.swift; path = AppDelegate.swift; sourceTree = "<group>"; };
		EE975C752820DDA900EBB527 /* Assets.xcassets */ = {isa = PBXFileReference; lastKnownFileType = folder.assetcatalog; path = Assets.xcassets; sourceTree = "<group>"; };
		EE975C782820DDA900EBB527 /* Base */ = {isa = PBXFileReference; lastKnownFileType = file.storyboard; name = Base; path = Base.lproj/LaunchScreen.storyboard; sourceTree = "<group>"; };
		EE975C7A2820DDA900EBB527 /* Info.plist */ = {isa = PBXFileReference; lastKnownFileType = text.plist.xml; name = Info.plist; path = "EZY-iOS/Supporting/Info.plist"; sourceTree = SOURCE_ROOT; };
		EE975C892820E6C500EBB527 /* Platform */ = {isa = PBXFileReference; lastKnownFileType = wrapper; path = Platform; sourceTree = "<group>"; };
		EE975CA72820EB4300EBB527 /* AppDI.swift */ = {isa = PBXFileReference; lastKnownFileType = sourcecode.swift; path = AppDI.swift; sourceTree = "<group>"; };
		EEA686A6282631F40001DC16 /* LoginRouter.swift */ = {isa = PBXFileReference; lastKnownFileType = sourcecode.swift; path = LoginRouter.swift; sourceTree = "<group>"; };
		EEA686A7282631F40001DC16 /* LoginViewController.swift */ = {isa = PBXFileReference; lastKnownFileType = sourcecode.swift; path = LoginViewController.swift; sourceTree = "<group>"; };
		EEA686A8282631F40001DC16 /* LoginBuilder.swift */ = {isa = PBXFileReference; lastKnownFileType = sourcecode.swift; path = LoginBuilder.swift; sourceTree = "<group>"; };
		EEA686A9282631F40001DC16 /* LoginInteractor.swift */ = {isa = PBXFileReference; lastKnownFileType = sourcecode.swift; path = LoginInteractor.swift; sourceTree = "<group>"; };
		EEA8018528258A2600F5C99C /* EZYCustomNavigationBar.swift */ = {isa = PBXFileReference; lastKnownFileType = sourcecode.swift; path = EZYCustomNavigationBar.swift; sourceTree = "<group>"; };
		EEA801A02825A4AD00F5C99C /* AppComponent.swift */ = {isa = PBXFileReference; lastKnownFileType = sourcecode.swift; path = AppComponent.swift; sourceTree = "<group>"; };
		EEA959FA2823CC5100D38991 /* UserTextField.swift */ = {isa = PBXFileReference; lastKnownFileType = sourcecode.swift; path = UserTextField.swift; sourceTree = "<group>"; };
		EEAC4CF22827B07200A56D37 /* RootRouter.swift */ = {isa = PBXFileReference; lastKnownFileType = sourcecode.swift; path = RootRouter.swift; sourceTree = "<group>"; };
		EEAC4CF32827B07200A56D37 /* RootViewController.swift */ = {isa = PBXFileReference; lastKnownFileType = sourcecode.swift; path = RootViewController.swift; sourceTree = "<group>"; };
		EEAC4CF42827B07200A56D37 /* RootBuilder.swift */ = {isa = PBXFileReference; lastKnownFileType = sourcecode.swift; path = RootBuilder.swift; sourceTree = "<group>"; };
		EEAC4CF52827B07200A56D37 /* RootInteractor.swift */ = {isa = PBXFileReference; lastKnownFileType = sourcecode.swift; path = RootInteractor.swift; sourceTree = "<group>"; };
		EEF2B7BB2827F87E00166593 /* RootComponent.swift */ = {isa = PBXFileReference; lastKnownFileType = sourcecode.swift; path = RootComponent.swift; sourceTree = "<group>"; };
		EEF7B6C428225A600073FC4C /* UserCustomButton.swift */ = {isa = PBXFileReference; lastKnownFileType = sourcecode.swift; path = UserCustomButton.swift; sourceTree = "<group>"; };
/* End PBXFileReference section */

/* Begin PBXFrameworksBuildPhase section */
		EE975C662820DDA700EBB527 /* Frameworks */ = {
			isa = PBXFrameworksBuildPhase;
			buildActionMask = 2147483647;
			files = (
				EE975CC9282112FF00EBB527 /* Lottie in Frameworks */,
				EE975CCC2821133C00EBB527 /* UIGradient in Frameworks */,
				EE975CE028211BF500EBB527 /* Inject in Frameworks */,
				EECDAF0D28216AD40048306E /* Switches in Frameworks */,
				EE975CAF2820EB6300EBB527 /* RxMoya in Frameworks */,
				EE975C922820E81C00EBB527 /* KeychainSwift in Frameworks */,
				EE975CB12820EB6700EBB527 /* Swinject in Frameworks */,
				EE975CB42820EE4200EBB527 /* Reusable in Frameworks */,
				EEA8019F2825A42700F5C99C /* RIBs in Frameworks */,
				EE975C8E2820E79500EBB527 /* Then in Frameworks */,
				EEA68697282624820001DC16 /* ReactorKit in Frameworks */,
				EE975CBC2820F1BC00EBB527 /* IQKeyboardManagerSwift in Frameworks */,
				EE975CAD2820EB5D00EBB527 /* RxCocoa in Frameworks */,
				EECDAF0A282169C10048306E /* EZYUI in Frameworks */,
				EE975CAB2820EB5900EBB527 /* RxSwift in Frameworks */,
				EE975CB62820EEBF00EBB527 /* Base in Frameworks */,
				EEF2B7B82827F79A00166593 /* NeedleFoundation in Frameworks */,
				EECDAF162821776C0048306E /* SnapKit in Frameworks */,
				EEA6869A282625710001DC16 /* Reachability in Frameworks */,
				EEA686AF28268D950001DC16 /* RIBsUtil in Frameworks */,
				EE975CBE28210AB600EBB527 /* UIUtil in Frameworks */,
				EE975C962820E88300EBB527 /* PanModal in Frameworks */,
			);
			runOnlyForDeploymentPostprocessing = 0;
		};
/* End PBXFrameworksBuildPhase section */

/* Begin PBXGroup section */
		EE975C602820DDA700EBB527 = {
			isa = PBXGroup;
			children = (
				EE975C892820E6C500EBB527 /* Platform */,
				EE975C6B2820DDA700EBB527 /* EZY-iOS */,
				EE975C6A2820DDA700EBB527 /* Products */,
				EE975CA92820EB5900EBB527 /* Frameworks */,
			);
			sourceTree = "<group>";
		};
		EE975C6A2820DDA700EBB527 /* Products */ = {
			isa = PBXGroup;
			children = (
				EE975C692820DDA700EBB527 /* EZY-iOS.app */,
			);
			name = Products;
			sourceTree = "<group>";
		};
		EE975C6B2820DDA700EBB527 /* EZY-iOS */ = {
			isa = PBXGroup;
			children = (
				EE975C822820E51800EBB527 /* Supporting */,
				EE975C812820E50F00EBB527 /* Resources */,
				EE975C802820E50A00EBB527 /* Sources */,
			);
			path = "EZY-iOS";
			sourceTree = "<group>";
		};
		EE975C802820E50A00EBB527 /* Sources */ = {
			isa = PBXGroup;
			children = (
				EE975C832820E53F00EBB527 /* Application */,
				EEA801A22825A4EB00F5C99C /* Scene */,
				EEF7B6C3282259070073FC4C /* View */,
				EEA686B028269BA80001DC16 /* Utilites */,
			);
			path = Sources;
			sourceTree = "<group>";
		};
		EE975C812820E50F00EBB527 /* Resources */ = {
			isa = PBXGroup;
			children = (
				EE975C752820DDA900EBB527 /* Assets.xcassets */,
				EE975C772820DDA900EBB527 /* LaunchScreen.storyboard */,
			);
			path = Resources;
			sourceTree = "<group>";
		};
		EE975C822820E51800EBB527 /* Supporting */ = {
			isa = PBXGroup;
			children = (
				EE975C7A2820DDA900EBB527 /* Info.plist */,
			);
			path = Supporting;
			sourceTree = "<group>";
		};
		EE975C832820E53F00EBB527 /* Application */ = {
			isa = PBXGroup;
			children = (
				EE975CA52820EB0900EBB527 /* DI */,
				EE975C6C2820DDA700EBB527 /* AppDelegate.swift */,
				EEA801A02825A4AD00F5C99C /* AppComponent.swift */,
			);
			path = Application;
			sourceTree = "<group>";
		};
		EE975CA52820EB0900EBB527 /* DI */ = {
			isa = PBXGroup;
			children = (
				EE975CA72820EB4300EBB527 /* AppDI.swift */,
			);
			path = DI;
			sourceTree = "<group>";
		};
		EE975CA92820EB5900EBB527 /* Frameworks */ = {
			isa = PBXGroup;
			children = (
			);
			name = Frameworks;
			sourceTree = "<group>";
		};
		EEA6869E28262BA90001DC16 /* Root */ = {
			isa = PBXGroup;
			children = (
				EEAC4CF22827B07200A56D37 /* RootRouter.swift */,
				EEAC4CF32827B07200A56D37 /* RootViewController.swift */,
				EEAC4CF42827B07200A56D37 /* RootBuilder.swift */,
				EEAC4CF52827B07200A56D37 /* RootInteractor.swift */,
				EEF2B7BB2827F87E00166593 /* RootComponent.swift */,
			);
			path = Root;
			sourceTree = "<group>";
		};
		EEA686A5282631DF0001DC16 /* Login */ = {
			isa = PBXGroup;
			children = (
				EEA686A6282631F40001DC16 /* LoginRouter.swift */,
				EEA686A7282631F40001DC16 /* LoginViewController.swift */,
				EEA686A8282631F40001DC16 /* LoginBuilder.swift */,
				EEA686A9282631F40001DC16 /* LoginInteractor.swift */,
			);
			path = Login;
			sourceTree = "<group>";
		};
		EEA686B028269BA80001DC16 /* Utilites */ = {
			isa = PBXGroup;
			children = (
			);
			path = Utilites;
			sourceTree = "<group>";
		};
		EEA801A22825A4EB00F5C99C /* Scene */ = {
			isa = PBXGroup;
			children = (
				EEA6869E28262BA90001DC16 /* Root */,
				EEA686A5282631DF0001DC16 /* Login */,
			);
			path = Scene;
			sourceTree = "<group>";
		};
		EEF7B6C3282259070073FC4C /* View */ = {
			isa = PBXGroup;
			children = (
				EEF7B6C428225A600073FC4C /* UserCustomButton.swift */,
				EEA959FA2823CC5100D38991 /* UserTextField.swift */,
				EEA8018528258A2600F5C99C /* EZYCustomNavigationBar.swift */,
			);
			path = View;
			sourceTree = "<group>";
		};
/* End PBXGroup section */

/* Begin PBXNativeTarget section */
		EE975C682820DDA700EBB527 /* EZY-iOS */ = {
			isa = PBXNativeTarget;
			buildConfigurationList = EE975C7D2820DDA900EBB527 /* Build configuration list for PBXNativeTarget "EZY-iOS" */;
			buildPhases = (
				EE975C652820DDA700EBB527 /* Sources */,
				EE975C662820DDA700EBB527 /* Frameworks */,
				EE975C672820DDA700EBB527 /* Resources */,
			);
			buildRules = (
			);
			dependencies = (
			);
			name = "EZY-iOS";
			packageProductDependencies = (
				EE975C8D2820E79500EBB527 /* Then */,
				EE975C912820E81C00EBB527 /* KeychainSwift */,
				EE975C952820E88300EBB527 /* PanModal */,
				EE975CAA2820EB5900EBB527 /* RxSwift */,
				EE975CAC2820EB5D00EBB527 /* RxCocoa */,
				EE975CAE2820EB6300EBB527 /* RxMoya */,
				EE975CB02820EB6700EBB527 /* Swinject */,
				EE975CB32820EE4200EBB527 /* Reusable */,
				EE975CB52820EEBF00EBB527 /* Base */,
				EE975CBB2820F1BC00EBB527 /* IQKeyboardManagerSwift */,
				EE975CBD28210AB600EBB527 /* UIUtil */,
				EE975CC8282112FF00EBB527 /* Lottie */,
				EE975CCB2821133C00EBB527 /* UIGradient */,
				EE975CDF28211BF500EBB527 /* Inject */,
				EECDAF09282169C10048306E /* EZYUI */,
				EECDAF0C28216AD40048306E /* Switches */,
				EECDAF152821776C0048306E /* SnapKit */,
				EEA8019E2825A42700F5C99C /* RIBs */,
				EEA68696282624820001DC16 /* ReactorKit */,
				EEA68699282625710001DC16 /* Reachability */,
				EEA686AE28268D950001DC16 /* RIBsUtil */,
				EEF2B7B72827F79A00166593 /* NeedleFoundation */,
			);
			productName = "EZY-iOS";
			productReference = EE975C692820DDA700EBB527 /* EZY-iOS.app */;
			productType = "com.apple.product-type.application";
		};
/* End PBXNativeTarget section */

/* Begin PBXProject section */
		EE975C612820DDA700EBB527 /* Project object */ = {
			isa = PBXProject;
			attributes = {
				BuildIndependentTargetsInParallel = 1;
				LastSwiftUpdateCheck = 1330;
				LastUpgradeCheck = 1330;
				TargetAttributes = {
					EE975C682820DDA700EBB527 = {
						CreatedOnToolsVersion = 13.3.1;
					};
				};
			};
			buildConfigurationList = EE975C642820DDA700EBB527 /* Build configuration list for PBXProject "EZY-iOS" */;
			compatibilityVersion = "Xcode 13.0";
			developmentRegion = en;
			hasScannedForEncodings = 0;
			knownRegions = (
				en,
				Base,
			);
			mainGroup = EE975C602820DDA700EBB527;
			packageReferences = (
				EE975C8A2820E74300EBB527 /* XCRemoteSwiftPackageReference "RxSwift" */,
				EE975C8C2820E79500EBB527 /* XCRemoteSwiftPackageReference "Then" */,
				EE975C8F2820E7DA00EBB527 /* XCRemoteSwiftPackageReference "Moya" */,
				EE975C902820E81C00EBB527 /* XCRemoteSwiftPackageReference "keychain-swift" */,
				EE975C932820E85100EBB527 /* XCRemoteSwiftPackageReference "Swinject" */,
				EE975C942820E88300EBB527 /* XCRemoteSwiftPackageReference "PanModal" */,
				EE975C972820E99800EBB527 /* XCRemoteSwiftPackageReference "ReusableKit" */,
				EE975CB22820EE4200EBB527 /* XCRemoteSwiftPackageReference "Reusable" */,
				EE975CBA2820F1BC00EBB527 /* XCRemoteSwiftPackageReference "IQKeyboardManager" */,
				EE975CC7282112FF00EBB527 /* XCRemoteSwiftPackageReference "lottie-ios" */,
				EE975CCA2821133C00EBB527 /* XCRemoteSwiftPackageReference "UIGradient" */,
				EE975CDE28211BF500EBB527 /* XCRemoteSwiftPackageReference "Inject" */,
				EECDAF0B28216AD40048306E /* XCRemoteSwiftPackageReference "Switch-Animations" */,
				EECDAF14282177550048306E /* XCRemoteSwiftPackageReference "SnapKit" */,
				EEA8019D2825A42700F5C99C /* XCRemoteSwiftPackageReference "RIBs" */,
				EEA68695282624820001DC16 /* XCRemoteSwiftPackageReference "ReactorKit" */,
				EEA68698282625710001DC16 /* XCRemoteSwiftPackageReference "Reachability.swift" */,
				EEF2B7B62827F79A00166593 /* XCRemoteSwiftPackageReference "needle" */,
			);
			productRefGroup = EE975C6A2820DDA700EBB527 /* Products */;
			projectDirPath = "";
			projectRoot = "";
			targets = (
				EE975C682820DDA700EBB527 /* EZY-iOS */,
			);
		};
/* End PBXProject section */

/* Begin PBXResourcesBuildPhase section */
		EE975C672820DDA700EBB527 /* Resources */ = {
			isa = PBXResourcesBuildPhase;
			buildActionMask = 2147483647;
			files = (
				EE975C792820DDA900EBB527 /* LaunchScreen.storyboard in Resources */,
				EE975C762820DDA900EBB527 /* Assets.xcassets in Resources */,
			);
			runOnlyForDeploymentPostprocessing = 0;
		};
/* End PBXResourcesBuildPhase section */

/* Begin PBXSourcesBuildPhase section */
		EE975C652820DDA700EBB527 /* Sources */ = {
			isa = PBXSourcesBuildPhase;
			buildActionMask = 2147483647;
			files = (
				EEA959FB2823CC5100D38991 /* UserTextField.swift in Sources */,
				EEAC4CF82827B07200A56D37 /* RootBuilder.swift in Sources */,
				EE975CA82820EB4300EBB527 /* AppDI.swift in Sources */,
				EEA8018628258A2600F5C99C /* EZYCustomNavigationBar.swift in Sources */,
				EE975C6D2820DDA700EBB527 /* AppDelegate.swift in Sources */,
				EEAC4CF72827B07200A56D37 /* RootViewController.swift in Sources */,
				EEAC4CF62827B07200A56D37 /* RootRouter.swift in Sources */,
				EEA801A12825A4AD00F5C99C /* AppComponent.swift in Sources */,
				EEF7B6C528225A600073FC4C /* UserCustomButton.swift in Sources */,
				EEAC4CF92827B07200A56D37 /* RootInteractor.swift in Sources */,
				EEA686AA282631F40001DC16 /* LoginRouter.swift in Sources */,
				EEA686AC282631F40001DC16 /* LoginBuilder.swift in Sources */,
				EEA686AD282631F40001DC16 /* LoginInteractor.swift in Sources */,
				EEF2B7BC2827F87E00166593 /* RootComponent.swift in Sources */,
				EEA686AB282631F40001DC16 /* LoginViewController.swift in Sources */,
			);
			runOnlyForDeploymentPostprocessing = 0;
		};
/* End PBXSourcesBuildPhase section */

/* Begin PBXVariantGroup section */
		EE975C772820DDA900EBB527 /* LaunchScreen.storyboard */ = {
			isa = PBXVariantGroup;
			children = (
				EE975C782820DDA900EBB527 /* Base */,
			);
			name = LaunchScreen.storyboard;
			sourceTree = "<group>";
		};
/* End PBXVariantGroup section */

/* Begin XCBuildConfiguration section */
		EE975C7B2820DDA900EBB527 /* Debug */ = {
			isa = XCBuildConfiguration;
			buildSettings = {
				ALWAYS_SEARCH_USER_PATHS = NO;
				CLANG_ANALYZER_NONNULL = YES;
				CLANG_ANALYZER_NUMBER_OBJECT_CONVERSION = YES_AGGRESSIVE;
				CLANG_CXX_LANGUAGE_STANDARD = "gnu++17";
				CLANG_ENABLE_MODULES = YES;
				CLANG_ENABLE_OBJC_ARC = YES;
				CLANG_ENABLE_OBJC_WEAK = YES;
				CLANG_WARN_BLOCK_CAPTURE_AUTORELEASING = YES;
				CLANG_WARN_BOOL_CONVERSION = YES;
				CLANG_WARN_COMMA = YES;
				CLANG_WARN_CONSTANT_CONVERSION = YES;
				CLANG_WARN_DEPRECATED_OBJC_IMPLEMENTATIONS = YES;
				CLANG_WARN_DIRECT_OBJC_ISA_USAGE = YES_ERROR;
				CLANG_WARN_DOCUMENTATION_COMMENTS = YES;
				CLANG_WARN_EMPTY_BODY = YES;
				CLANG_WARN_ENUM_CONVERSION = YES;
				CLANG_WARN_INFINITE_RECURSION = YES;
				CLANG_WARN_INT_CONVERSION = YES;
				CLANG_WARN_NON_LITERAL_NULL_CONVERSION = YES;
				CLANG_WARN_OBJC_IMPLICIT_RETAIN_SELF = YES;
				CLANG_WARN_OBJC_LITERAL_CONVERSION = YES;
				CLANG_WARN_OBJC_ROOT_CLASS = YES_ERROR;
				CLANG_WARN_QUOTED_INCLUDE_IN_FRAMEWORK_HEADER = YES;
				CLANG_WARN_RANGE_LOOP_ANALYSIS = YES;
				CLANG_WARN_STRICT_PROTOTYPES = YES;
				CLANG_WARN_SUSPICIOUS_MOVE = YES;
				CLANG_WARN_UNGUARDED_AVAILABILITY = YES_AGGRESSIVE;
				CLANG_WARN_UNREACHABLE_CODE = YES;
				CLANG_WARN__DUPLICATE_METHOD_MATCH = YES;
				COPY_PHASE_STRIP = NO;
				DEBUG_INFORMATION_FORMAT = dwarf;
				ENABLE_STRICT_OBJC_MSGSEND = YES;
				ENABLE_TESTABILITY = YES;
				GCC_C_LANGUAGE_STANDARD = gnu11;
				GCC_DYNAMIC_NO_PIC = NO;
				GCC_NO_COMMON_BLOCKS = YES;
				GCC_OPTIMIZATION_LEVEL = 0;
				GCC_PREPROCESSOR_DEFINITIONS = (
					"DEBUG=1",
					"$(inherited)",
				);
				GCC_WARN_64_TO_32_BIT_CONVERSION = YES;
				GCC_WARN_ABOUT_RETURN_TYPE = YES_ERROR;
				GCC_WARN_UNDECLARED_SELECTOR = YES;
				GCC_WARN_UNINITIALIZED_AUTOS = YES_AGGRESSIVE;
				GCC_WARN_UNUSED_FUNCTION = YES;
				GCC_WARN_UNUSED_VARIABLE = YES;
				IPHONEOS_DEPLOYMENT_TARGET = 15.4;
				MTL_ENABLE_DEBUG_INFO = INCLUDE_SOURCE;
				MTL_FAST_MATH = YES;
				ONLY_ACTIVE_ARCH = YES;
				SDKROOT = iphoneos;
				SWIFT_ACTIVE_COMPILATION_CONDITIONS = DEBUG;
				SWIFT_OPTIMIZATION_LEVEL = "-Onone";
			};
			name = Debug;
		};
		EE975C7C2820DDA900EBB527 /* Release */ = {
			isa = XCBuildConfiguration;
			buildSettings = {
				ALWAYS_SEARCH_USER_PATHS = NO;
				CLANG_ANALYZER_NONNULL = YES;
				CLANG_ANALYZER_NUMBER_OBJECT_CONVERSION = YES_AGGRESSIVE;
				CLANG_CXX_LANGUAGE_STANDARD = "gnu++17";
				CLANG_ENABLE_MODULES = YES;
				CLANG_ENABLE_OBJC_ARC = YES;
				CLANG_ENABLE_OBJC_WEAK = YES;
				CLANG_WARN_BLOCK_CAPTURE_AUTORELEASING = YES;
				CLANG_WARN_BOOL_CONVERSION = YES;
				CLANG_WARN_COMMA = YES;
				CLANG_WARN_CONSTANT_CONVERSION = YES;
				CLANG_WARN_DEPRECATED_OBJC_IMPLEMENTATIONS = YES;
				CLANG_WARN_DIRECT_OBJC_ISA_USAGE = YES_ERROR;
				CLANG_WARN_DOCUMENTATION_COMMENTS = YES;
				CLANG_WARN_EMPTY_BODY = YES;
				CLANG_WARN_ENUM_CONVERSION = YES;
				CLANG_WARN_INFINITE_RECURSION = YES;
				CLANG_WARN_INT_CONVERSION = YES;
				CLANG_WARN_NON_LITERAL_NULL_CONVERSION = YES;
				CLANG_WARN_OBJC_IMPLICIT_RETAIN_SELF = YES;
				CLANG_WARN_OBJC_LITERAL_CONVERSION = YES;
				CLANG_WARN_OBJC_ROOT_CLASS = YES_ERROR;
				CLANG_WARN_QUOTED_INCLUDE_IN_FRAMEWORK_HEADER = YES;
				CLANG_WARN_RANGE_LOOP_ANALYSIS = YES;
				CLANG_WARN_STRICT_PROTOTYPES = YES;
				CLANG_WARN_SUSPICIOUS_MOVE = YES;
				CLANG_WARN_UNGUARDED_AVAILABILITY = YES_AGGRESSIVE;
				CLANG_WARN_UNREACHABLE_CODE = YES;
				CLANG_WARN__DUPLICATE_METHOD_MATCH = YES;
				COPY_PHASE_STRIP = NO;
				DEBUG_INFORMATION_FORMAT = "dwarf-with-dsym";
				ENABLE_NS_ASSERTIONS = NO;
				ENABLE_STRICT_OBJC_MSGSEND = YES;
				GCC_C_LANGUAGE_STANDARD = gnu11;
				GCC_NO_COMMON_BLOCKS = YES;
				GCC_WARN_64_TO_32_BIT_CONVERSION = YES;
				GCC_WARN_ABOUT_RETURN_TYPE = YES_ERROR;
				GCC_WARN_UNDECLARED_SELECTOR = YES;
				GCC_WARN_UNINITIALIZED_AUTOS = YES_AGGRESSIVE;
				GCC_WARN_UNUSED_FUNCTION = YES;
				GCC_WARN_UNUSED_VARIABLE = YES;
				IPHONEOS_DEPLOYMENT_TARGET = 15.4;
				MTL_ENABLE_DEBUG_INFO = NO;
				MTL_FAST_MATH = YES;
				SDKROOT = iphoneos;
				SWIFT_COMPILATION_MODE = wholemodule;
				SWIFT_OPTIMIZATION_LEVEL = "-O";
				VALIDATE_PRODUCT = YES;
			};
			name = Release;
		};
		EE975C7E2820DDA900EBB527 /* Debug */ = {
			isa = XCBuildConfiguration;
			buildSettings = {
				ASSETCATALOG_COMPILER_APPICON_NAME = AppIcon;
				ASSETCATALOG_COMPILER_GLOBAL_ACCENT_COLOR_NAME = AccentColor;
				CODE_SIGN_STYLE = Automatic;
				CURRENT_PROJECT_VERSION = 1;
				DEVELOPMENT_TEAM = Q2JZBR7H7Y;
				GENERATE_INFOPLIST_FILE = YES;
				INFOPLIST_FILE = "EZY-iOS/Supporting/Info.plist";
				INFOPLIST_KEY_UIApplicationSupportsIndirectInputEvents = YES;
				INFOPLIST_KEY_UILaunchStoryboardName = LaunchScreen;
				INFOPLIST_KEY_UISupportedInterfaceOrientations = "UIInterfaceOrientationPortrait UIInterfaceOrientationLandscapeRight UIInterfaceOrientationLandscapeLeft";
				INFOPLIST_KEY_UISupportedInterfaceOrientations_iPad = "UIInterfaceOrientationPortrait UIInterfaceOrientationPortraitUpsideDown UIInterfaceOrientationLandscapeLeft UIInterfaceOrientationLandscapeRight";
				INFOPLIST_KEY_UISupportedInterfaceOrientations_iPhone = "UIInterfaceOrientationPortrait UIInterfaceOrientationLandscapeLeft UIInterfaceOrientationLandscapeRight";
				LD_RUNPATH_SEARCH_PATHS = (
					"$(inherited)",
					"@executable_path/Frameworks",
				);
				MARKETING_VERSION = 1.0;
				OTHER_LDFLAGS = (
					"-Xlinker",
					"-interposable",
				);
				PRODUCT_BUNDLE_IDENTIFIER = "JiHoonAHN.EZY-iOS";
				PRODUCT_NAME = "$(TARGET_NAME)";
				SWIFT_EMIT_LOC_STRINGS = YES;
				SWIFT_VERSION = 5.0;
				TARGETED_DEVICE_FAMILY = 1;
			};
			name = Debug;
		};
		EE975C7F2820DDA900EBB527 /* Release */ = {
			isa = XCBuildConfiguration;
			buildSettings = {
				ASSETCATALOG_COMPILER_APPICON_NAME = AppIcon;
				ASSETCATALOG_COMPILER_GLOBAL_ACCENT_COLOR_NAME = AccentColor;
				CODE_SIGN_STYLE = Automatic;
				CURRENT_PROJECT_VERSION = 1;
				DEVELOPMENT_TEAM = Q2JZBR7H7Y;
				GENERATE_INFOPLIST_FILE = YES;
				INFOPLIST_FILE = "EZY-iOS/Supporting/Info.plist";
				INFOPLIST_KEY_UIApplicationSupportsIndirectInputEvents = YES;
				INFOPLIST_KEY_UILaunchStoryboardName = LaunchScreen;
				INFOPLIST_KEY_UISupportedInterfaceOrientations = "UIInterfaceOrientationPortrait UIInterfaceOrientationLandscapeRight UIInterfaceOrientationLandscapeLeft";
				INFOPLIST_KEY_UISupportedInterfaceOrientations_iPad = "UIInterfaceOrientationPortrait UIInterfaceOrientationPortraitUpsideDown UIInterfaceOrientationLandscapeLeft UIInterfaceOrientationLandscapeRight";
				INFOPLIST_KEY_UISupportedInterfaceOrientations_iPhone = "UIInterfaceOrientationPortrait UIInterfaceOrientationLandscapeLeft UIInterfaceOrientationLandscapeRight";
				LD_RUNPATH_SEARCH_PATHS = (
					"$(inherited)",
					"@executable_path/Frameworks",
				);
				MARKETING_VERSION = 1.0;
				PRODUCT_BUNDLE_IDENTIFIER = "JiHoonAHN.EZY-iOS";
				PRODUCT_NAME = "$(TARGET_NAME)";
				SWIFT_EMIT_LOC_STRINGS = YES;
				SWIFT_VERSION = 5.0;
				TARGETED_DEVICE_FAMILY = 1;
			};
			name = Release;
		};
/* End XCBuildConfiguration section */

/* Begin XCConfigurationList section */
		EE975C642820DDA700EBB527 /* Build configuration list for PBXProject "EZY-iOS" */ = {
			isa = XCConfigurationList;
			buildConfigurations = (
				EE975C7B2820DDA900EBB527 /* Debug */,
				EE975C7C2820DDA900EBB527 /* Release */,
			);
			defaultConfigurationIsVisible = 0;
			defaultConfigurationName = Release;
		};
		EE975C7D2820DDA900EBB527 /* Build configuration list for PBXNativeTarget "EZY-iOS" */ = {
			isa = XCConfigurationList;
			buildConfigurations = (
				EE975C7E2820DDA900EBB527 /* Debug */,
				EE975C7F2820DDA900EBB527 /* Release */,
			);
			defaultConfigurationIsVisible = 0;
			defaultConfigurationName = Release;
		};
/* End XCConfigurationList section */

/* Begin XCRemoteSwiftPackageReference section */
		EE975C8A2820E74300EBB527 /* XCRemoteSwiftPackageReference "RxSwift" */ = {
			isa = XCRemoteSwiftPackageReference;
			repositoryURL = "https://github.com/ReactiveX/RxSwift.git";
			requirement = {
				branch = main;
				kind = branch;
			};
		};
		EE975C8C2820E79500EBB527 /* XCRemoteSwiftPackageReference "Then" */ = {
			isa = XCRemoteSwiftPackageReference;
			repositoryURL = "https://github.com/devxoul/Then";
			requirement = {
				branch = master;
				kind = branch;
			};
		};
		EE975C8F2820E7DA00EBB527 /* XCRemoteSwiftPackageReference "Moya" */ = {
			isa = XCRemoteSwiftPackageReference;
			repositoryURL = "https://github.com/Moya/Moya";
			requirement = {
				branch = master;
				kind = branch;
			};
		};
		EE975C902820E81C00EBB527 /* XCRemoteSwiftPackageReference "keychain-swift" */ = {
			isa = XCRemoteSwiftPackageReference;
			repositoryURL = "https://github.com/evgenyneu/keychain-swift.git";
			requirement = {
				branch = master;
				kind = branch;
			};
		};
		EE975C932820E85100EBB527 /* XCRemoteSwiftPackageReference "Swinject" */ = {
			isa = XCRemoteSwiftPackageReference;
			repositoryURL = "https://github.com/Swinject/Swinject.git";
			requirement = {
				branch = master;
				kind = branch;
			};
		};
		EE975C942820E88300EBB527 /* XCRemoteSwiftPackageReference "PanModal" */ = {
			isa = XCRemoteSwiftPackageReference;
			repositoryURL = "https://github.com/slackhq/PanModal";
			requirement = {
				branch = master;
				kind = branch;
			};
		};
		EE975C972820E99800EBB527 /* XCRemoteSwiftPackageReference "ReusableKit" */ = {
			isa = XCRemoteSwiftPackageReference;
			repositoryURL = "https://github.com/devxoul/ReusableKit.git";
			requirement = {
				branch = master;
				kind = branch;
			};
		};
		EE975CB22820EE4200EBB527 /* XCRemoteSwiftPackageReference "Reusable" */ = {
			isa = XCRemoteSwiftPackageReference;
			repositoryURL = "https://github.com/AliSoftware/Reusable.git";
			requirement = {
				branch = main;
				kind = branch;
			};
		};
		EE975CBA2820F1BC00EBB527 /* XCRemoteSwiftPackageReference "IQKeyboardManager" */ = {
			isa = XCRemoteSwiftPackageReference;
			repositoryURL = "https://github.com/hackiftekhar/IQKeyboardManager.git";
			requirement = {
				branch = master;
				kind = branch;
			};
		};
		EE975CC7282112FF00EBB527 /* XCRemoteSwiftPackageReference "lottie-ios" */ = {
			isa = XCRemoteSwiftPackageReference;
			repositoryURL = "https://github.com/airbnb/lottie-ios.git";
			requirement = {
				branch = master;
				kind = branch;
			};
		};
		EE975CCA2821133C00EBB527 /* XCRemoteSwiftPackageReference "UIGradient" */ = {
			isa = XCRemoteSwiftPackageReference;
			repositoryURL = "https://github.com/dqhieu/UIGradient.git";
			requirement = {
				branch = master;
				kind = branch;
			};
		};
		EE975CDE28211BF500EBB527 /* XCRemoteSwiftPackageReference "Inject" */ = {
			isa = XCRemoteSwiftPackageReference;
			repositoryURL = "https://github.com/krzysztofzablocki/Inject.git";
			requirement = {
				branch = main;
				kind = branch;
			};
		};
		EEA68695282624820001DC16 /* XCRemoteSwiftPackageReference "ReactorKit" */ = {
			isa = XCRemoteSwiftPackageReference;
			repositoryURL = "https://github.com/ReactorKit/ReactorKit";
			requirement = {
				branch = master;
				kind = branch;
			};
		};
		EEA68698282625710001DC16 /* XCRemoteSwiftPackageReference "Reachability.swift" */ = {
			isa = XCRemoteSwiftPackageReference;
			repositoryURL = "https://github.com/ashleymills/Reachability.swift.git";
			requirement = {
				branch = master;
				kind = branch;
			};
		};
		EEA8019D2825A42700F5C99C /* XCRemoteSwiftPackageReference "RIBs" */ = {
			isa = XCRemoteSwiftPackageReference;
			repositoryURL = "https://github.com/uber/RIBs.git";
			requirement = {
				branch = main;
				kind = branch;
			};
		};
		EECDAF0B28216AD40048306E /* XCRemoteSwiftPackageReference "Switch-Animations" */ = {
			isa = XCRemoteSwiftPackageReference;
			repositoryURL = "https://github.com/jwd-ali/Switch-Animations.git";
			requirement = {
				branch = master;
				kind = branch;
			};
		};
		EECDAF14282177550048306E /* XCRemoteSwiftPackageReference "SnapKit" */ = {
			isa = XCRemoteSwiftPackageReference;
			repositoryURL = "https://github.com/SnapKit/SnapKit";
			requirement = {
				branch = develop;
				kind = branch;
			};
		};
		EEF2B7B62827F79A00166593 /* XCRemoteSwiftPackageReference "needle" */ = {
			isa = XCRemoteSwiftPackageReference;
			repositoryURL = "https://github.com/uber/needle.git";
			requirement = {
				branch = master;
				kind = branch;
			};
		};
/* End XCRemoteSwiftPackageReference section */

/* Begin XCSwiftPackageProductDependency section */
		EE975C8D2820E79500EBB527 /* Then */ = {
			isa = XCSwiftPackageProductDependency;
			package = EE975C8C2820E79500EBB527 /* XCRemoteSwiftPackageReference "Then" */;
			productName = Then;
		};
		EE975C912820E81C00EBB527 /* KeychainSwift */ = {
			isa = XCSwiftPackageProductDependency;
			package = EE975C902820E81C00EBB527 /* XCRemoteSwiftPackageReference "keychain-swift" */;
			productName = KeychainSwift;
		};
		EE975C952820E88300EBB527 /* PanModal */ = {
			isa = XCSwiftPackageProductDependency;
			package = EE975C942820E88300EBB527 /* XCRemoteSwiftPackageReference "PanModal" */;
			productName = PanModal;
		};
		EE975CAA2820EB5900EBB527 /* RxSwift */ = {
			isa = XCSwiftPackageProductDependency;
			package = EE975C8A2820E74300EBB527 /* XCRemoteSwiftPackageReference "RxSwift" */;
			productName = RxSwift;
		};
		EE975CAC2820EB5D00EBB527 /* RxCocoa */ = {
			isa = XCSwiftPackageProductDependency;
			package = EE975C8A2820E74300EBB527 /* XCRemoteSwiftPackageReference "RxSwift" */;
			productName = RxCocoa;
		};
		EE975CAE2820EB6300EBB527 /* RxMoya */ = {
			isa = XCSwiftPackageProductDependency;
			package = EE975C8F2820E7DA00EBB527 /* XCRemoteSwiftPackageReference "Moya" */;
			productName = RxMoya;
		};
		EE975CB02820EB6700EBB527 /* Swinject */ = {
			isa = XCSwiftPackageProductDependency;
			package = EE975C932820E85100EBB527 /* XCRemoteSwiftPackageReference "Swinject" */;
			productName = Swinject;
		};
		EE975CB32820EE4200EBB527 /* Reusable */ = {
			isa = XCSwiftPackageProductDependency;
			package = EE975CB22820EE4200EBB527 /* XCRemoteSwiftPackageReference "Reusable" */;
			productName = Reusable;
		};
		EE975CB52820EEBF00EBB527 /* Base */ = {
			isa = XCSwiftPackageProductDependency;
			productName = Base;
		};
		EE975CBB2820F1BC00EBB527 /* IQKeyboardManagerSwift */ = {
			isa = XCSwiftPackageProductDependency;
			package = EE975CBA2820F1BC00EBB527 /* XCRemoteSwiftPackageReference "IQKeyboardManager" */;
			productName = IQKeyboardManagerSwift;
		};
		EE975CBD28210AB600EBB527 /* UIUtil */ = {
			isa = XCSwiftPackageProductDependency;
			productName = UIUtil;
		};
		EE975CC8282112FF00EBB527 /* Lottie */ = {
			isa = XCSwiftPackageProductDependency;
			package = EE975CC7282112FF00EBB527 /* XCRemoteSwiftPackageReference "lottie-ios" */;
			productName = Lottie;
		};
		EE975CCB2821133C00EBB527 /* UIGradient */ = {
			isa = XCSwiftPackageProductDependency;
			package = EE975CCA2821133C00EBB527 /* XCRemoteSwiftPackageReference "UIGradient" */;
			productName = UIGradient;
		};
		EE975CDF28211BF500EBB527 /* Inject */ = {
			isa = XCSwiftPackageProductDependency;
			package = EE975CDE28211BF500EBB527 /* XCRemoteSwiftPackageReference "Inject" */;
			productName = Inject;
		};
		EEA68696282624820001DC16 /* ReactorKit */ = {
			isa = XCSwiftPackageProductDependency;
			package = EEA68695282624820001DC16 /* XCRemoteSwiftPackageReference "ReactorKit" */;
			productName = ReactorKit;
		};
		EEA68699282625710001DC16 /* Reachability */ = {
			isa = XCSwiftPackageProductDependency;
			package = EEA68698282625710001DC16 /* XCRemoteSwiftPackageReference "Reachability.swift" */;
			productName = Reachability;
		};
		EEA686AE28268D950001DC16 /* RIBsUtil */ = {
			isa = XCSwiftPackageProductDependency;
			productName = RIBsUtil;
		};
		EEA8019E2825A42700F5C99C /* RIBs */ = {
			isa = XCSwiftPackageProductDependency;
			package = EEA8019D2825A42700F5C99C /* XCRemoteSwiftPackageReference "RIBs" */;
			productName = RIBs;
		};
		EECDAF09282169C10048306E /* EZYUI */ = {
			isa = XCSwiftPackageProductDependency;
			productName = EZYUI;
		};
		EECDAF0C28216AD40048306E /* Switches */ = {
			isa = XCSwiftPackageProductDependency;
			package = EECDAF0B28216AD40048306E /* XCRemoteSwiftPackageReference "Switch-Animations" */;
			productName = Switches;
		};
		EECDAF152821776C0048306E /* SnapKit */ = {
			isa = XCSwiftPackageProductDependency;
			package = EECDAF14282177550048306E /* XCRemoteSwiftPackageReference "SnapKit" */;
			productName = SnapKit;
		};
		EEF2B7B72827F79A00166593 /* NeedleFoundation */ = {
			isa = XCSwiftPackageProductDependency;
			package = EEF2B7B62827F79A00166593 /* XCRemoteSwiftPackageReference "needle" */;
			productName = NeedleFoundation;
		};
/* End XCSwiftPackageProductDependency section */
	};
	rootObject = EE975C612820DDA700EBB527 /* Project object */;
}
